
Microsoft Visual Studio Solution File, Format Version 12.00
# Visual Studio Version 17
VisualStudioVersion = 17.10.35004.147
MinimumVisualStudioVersion = 10.0.40219.1
Project("{FAE04EC0-301F-11D3-BF4B-00C04F79EFBC}") = "z9", "z9\z9.csproj", "{15576E9C-A46B-4E4F-B0F9-3A9BC6B26E60}"
EndProject
Global
	GlobalSection(SolutionConfigurationPlatforms) = preSolution
		Debug|Any CPU = Debug|Any CPU
		Release|Any CPU = Release|Any CPU
	EndGlobalSection
	GlobalSection(ProjectConfigurationPlatforms) = postSolution
		{15576E9C-A46B-4E4F-B0F9-3A9BC6B26E60}.Debug|Any CPU.ActiveCfg = Debug|Any CPU
		{15576E9C-A46B-4E4F-B0F9-3A9BC6B26E60}.Debug|Any CPU.Build.0 = Debug|Any CPU
		{15576E9C-A46B-4E4F-B0F9-3A9BC6B26E60}.Release|Any CPU.ActiveCfg = Release|Any CPU
		{15576E9C-A46B-4E4F-B0F9-3A9BC6B26E60}.Release|Any CPU.Build.0 = Release|Any CPU
	EndGlobalSection
	GlobalSection(SolutionProperties) = preSolution
		HideSolutionNode = FALSE
	EndGlobalSection
	GlobalSection(ExtensibilityGlobals) = postSolution
		SolutionGuid = {47E10A0F-A981-4B08-8207-432194F1C427}
	EndGlobalSection
EndGlobal
